
Microsoft Visual Studio Solution File, Format Version 12.00
# Visual Studio Express 2012 for Web
Project("{FAE04EC0-301F-11D3-BF4B-00C04F79EFBC}") = "DAL", "DAL\DAL.csproj", "{A38DF677-0FE1-4134-B5B0-723833DC0DD6}"
EndProject
Project("{FAE04EC0-301F-11D3-BF4B-00C04F79EFBC}") = "BLL", "BLL\BLL.csproj", "{047900B1-3237-4EB7-A38D-B1DF47BF79DE}"
EndProject
Project("{FAE04EC0-301F-11D3-BF4B-00C04F79EFBC}") = "DataModels", "UserDataModel\DataModels.csproj", "{1C6D6AB8-EBF2-4D10-AEFF-ADFE4E7D6F97}"
EndProject
Project("{FAE04EC0-301F-11D3-BF4B-00C04F79EFBC}") = "BD Web Group Project Webpages v1", "BD Web Group Project Webpages v1\BD Web Group Project Webpages v1.csproj", "{3BC83E78-48EB-472F-BB7C-6CCA19335BFF}"
EndProject
Project("{FAE04EC0-301F-11D3-BF4B-00C04F79EFBC}") = "ResourceTier", "ResourceTier\ResourceTier.csproj", "{6FC5CFFE-AA17-4FA3-89E6-3700CE8FC991}"
EndProject
Global
	GlobalSection(SolutionConfigurationPlatforms) = preSolution
		Debug|Any CPU = Debug|Any CPU
		Release|Any CPU = Release|Any CPU
	EndGlobalSection
	GlobalSection(ProjectConfigurationPlatforms) = postSolution
		{A38DF677-0FE1-4134-B5B0-723833DC0DD6}.Debug|Any CPU.ActiveCfg = Debug|Any CPU
		{A38DF677-0FE1-4134-B5B0-723833DC0DD6}.Debug|Any CPU.Build.0 = Debug|Any CPU
		{A38DF677-0FE1-4134-B5B0-723833DC0DD6}.Release|Any CPU.ActiveCfg = Release|Any CPU
		{A38DF677-0FE1-4134-B5B0-723833DC0DD6}.Release|Any CPU.Build.0 = Release|Any CPU
		{047900B1-3237-4EB7-A38D-B1DF47BF79DE}.Debug|Any CPU.ActiveCfg = Debug|Any CPU
		{047900B1-3237-4EB7-A38D-B1DF47BF79DE}.Debug|Any CPU.Build.0 = Debug|Any CPU
		{047900B1-3237-4EB7-A38D-B1DF47BF79DE}.Release|Any CPU.ActiveCfg = Release|Any CPU
		{047900B1-3237-4EB7-A38D-B1DF47BF79DE}.Release|Any CPU.Build.0 = Release|Any CPU
		{1C6D6AB8-EBF2-4D10-AEFF-ADFE4E7D6F97}.Debug|Any CPU.ActiveCfg = Debug|Any CPU
		{1C6D6AB8-EBF2-4D10-AEFF-ADFE4E7D6F97}.Debug|Any CPU.Build.0 = Debug|Any CPU
		{1C6D6AB8-EBF2-4D10-AEFF-ADFE4E7D6F97}.Release|Any CPU.ActiveCfg = Release|Any CPU
		{1C6D6AB8-EBF2-4D10-AEFF-ADFE4E7D6F97}.Release|Any CPU.Build.0 = Release|Any CPU
		{3BC83E78-48EB-472F-BB7C-6CCA19335BFF}.Debug|Any CPU.ActiveCfg = Debug|Any CPU
		{3BC83E78-48EB-472F-BB7C-6CCA19335BFF}.Debug|Any CPU.Build.0 = Debug|Any CPU
		{3BC83E78-48EB-472F-BB7C-6CCA19335BFF}.Release|Any CPU.ActiveCfg = Release|Any CPU
		{3BC83E78-48EB-472F-BB7C-6CCA19335BFF}.Release|Any CPU.Build.0 = Release|Any CPU
		{6FC5CFFE-AA17-4FA3-89E6-3700CE8FC991}.Debug|Any CPU.ActiveCfg = Debug|Any CPU
		{6FC5CFFE-AA17-4FA3-89E6-3700CE8FC991}.Debug|Any CPU.Build.0 = Debug|Any CPU
		{6FC5CFFE-AA17-4FA3-89E6-3700CE8FC991}.Release|Any CPU.ActiveCfg = Release|Any CPU
		{6FC5CFFE-AA17-4FA3-89E6-3700CE8FC991}.Release|Any CPU.Build.0 = Release|Any CPU
	EndGlobalSection
	GlobalSection(SolutionProperties) = preSolution
		HideSolutionNode = FALSE
	EndGlobalSection
EndGlobal
